
Microsoft Visual Studio Solution File, Format Version 12.00
# Visual Studio Version 16
VisualStudioVersion = 16.0.32228.343
MinimumVisualStudioVersion = 10.0.40219.1
Project("{9A19103F-16F7-4668-BE54-9A1E7A4F7556}") = "TestProject1", "TestProject1\TestProject1.csproj", "{50654971-40FD-4CD4-859B-1218F3E5D0A2}"
EndProject
Project("{9A19103F-16F7-4668-BE54-9A1E7A4F7556}") = "TP3Prototipo", "TP3Prototipo\TP3Prototipo.csproj", "{A7A6E8B7-3BF6-479D-A098-312F8DBE7380}"
EndProject
Project("{9A19103F-16F7-4668-BE54-9A1E7A4F7556}") = "TP3ClassLibrary", "TP3ClassLibrary\TP3ClassLibrary.csproj", "{7C8B5BBD-6A06-4304-B8C0-C4C534440971}"
EndProject
Project("{9A19103F-16F7-4668-BE54-9A1E7A4F7556}") = "IO", "IO\IO.csproj", "{4540539B-503F-4C67-B9C7-C7D56E7D69E5}"
EndProject
Global
	GlobalSection(SolutionConfigurationPlatforms) = preSolution
		Debug|Any CPU = Debug|Any CPU
		Release|Any CPU = Release|Any CPU
	EndGlobalSection
	GlobalSection(ProjectConfigurationPlatforms) = postSolution
		{50654971-40FD-4CD4-859B-1218F3E5D0A2}.Debug|Any CPU.ActiveCfg = Debug|Any CPU
		{50654971-40FD-4CD4-859B-1218F3E5D0A2}.Debug|Any CPU.Build.0 = Debug|Any CPU
		{50654971-40FD-4CD4-859B-1218F3E5D0A2}.Release|Any CPU.ActiveCfg = Release|Any CPU
		{50654971-40FD-4CD4-859B-1218F3E5D0A2}.Release|Any CPU.Build.0 = Release|Any CPU
		{A7A6E8B7-3BF6-479D-A098-312F8DBE7380}.Debug|Any CPU.ActiveCfg = Debug|Any CPU
		{A7A6E8B7-3BF6-479D-A098-312F8DBE7380}.Debug|Any CPU.Build.0 = Debug|Any CPU
		{A7A6E8B7-3BF6-479D-A098-312F8DBE7380}.Release|Any CPU.ActiveCfg = Release|Any CPU
		{A7A6E8B7-3BF6-479D-A098-312F8DBE7380}.Release|Any CPU.Build.0 = Release|Any CPU
		{7C8B5BBD-6A06-4304-B8C0-C4C534440971}.Debug|Any CPU.ActiveCfg = Debug|Any CPU
		{7C8B5BBD-6A06-4304-B8C0-C4C534440971}.Debug|Any CPU.Build.0 = Debug|Any CPU
		{7C8B5BBD-6A06-4304-B8C0-C4C534440971}.Release|Any CPU.ActiveCfg = Release|Any CPU
		{7C8B5BBD-6A06-4304-B8C0-C4C534440971}.Release|Any CPU.Build.0 = Release|Any CPU
		{4540539B-503F-4C67-B9C7-C7D56E7D69E5}.Debug|Any CPU.ActiveCfg = Debug|Any CPU
		{4540539B-503F-4C67-B9C7-C7D56E7D69E5}.Debug|Any CPU.Build.0 = Debug|Any CPU
		{4540539B-503F-4C67-B9C7-C7D56E7D69E5}.Release|Any CPU.ActiveCfg = Release|Any CPU
		{4540539B-503F-4C67-B9C7-C7D56E7D69E5}.Release|Any CPU.Build.0 = Release|Any CPU
	EndGlobalSection
	GlobalSection(SolutionProperties) = preSolution
		HideSolutionNode = FALSE
	EndGlobalSection
	GlobalSection(ExtensibilityGlobals) = postSolution
		SolutionGuid = {B2578E4E-5390-468D-9D33-2197E36370C7}
	EndGlobalSection
EndGlobal
